
Microsoft Visual Studio Solution File, Format Version 12.00
# Visual Studio Version 17
VisualStudioVersion = 17.7.34003.232
MinimumVisualStudioVersion = 10.0.40219.1
Project("{FAE04EC0-301F-11D3-BF4B-00C04F79EFBC}") = "PolymorphsimHomework", "PolymorphsimHomework\PolymorphsimHomework.csproj", "{43FF007A-53DC-4C2C-A337-4C72544240D1}"
EndProject
Global
	GlobalSection(SolutionConfigurationPlatforms) = preSolution
		Debug|Any CPU = Debug|Any CPU
		Release|Any CPU = Release|Any CPU
	EndGlobalSection
	GlobalSection(ProjectConfigurationPlatforms) = postSolution
		{43FF007A-53DC-4C2C-A337-4C72544240D1}.Debug|Any CPU.ActiveCfg = Debug|Any CPU
		{43FF007A-53DC-4C2C-A337-4C72544240D1}.Debug|Any CPU.Build.0 = Debug|Any CPU
		{43FF007A-53DC-4C2C-A337-4C72544240D1}.Release|Any CPU.ActiveCfg = Release|Any CPU
		{43FF007A-53DC-4C2C-A337-4C72544240D1}.Release|Any CPU.Build.0 = Release|Any CPU
	EndGlobalSection
	GlobalSection(SolutionProperties) = preSolution
		HideSolutionNode = FALSE
	EndGlobalSection
	GlobalSection(ExtensibilityGlobals) = postSolution
		SolutionGuid = {199D9476-7F0D-457B-AB8D-6C0D674EFBA6}
	EndGlobalSection
EndGlobal
